// !$*UTF8*$!
{
	archiveVersion = 1;
	classes = {
	};
	objectVersion = 48;
	objects = {

/* Begin PBXBuildFile section */
		13A4AA6E207FE5DE00474554 /* AppDelegate.swift in Sources */ = {isa = PBXBuildFile; fileRef = 13A4AA6D207FE5DE00474554 /* AppDelegate.swift */; };
		13A4AA70207FE5DE00474554 /* ViewController.swift in Sources */ = {isa = PBXBuildFile; fileRef = 13A4AA6F207FE5DE00474554 /* ViewController.swift */; };
		13A4AA73207FE5DE00474554 /* Main.storyboard in Resources */ = {isa = PBXBuildFile; fileRef = 13A4AA71207FE5DE00474554 /* Main.storyboard */; };
		13A4AA75207FE5DE00474554 /* Assets.xcassets in Resources */ = {isa = PBXBuildFile; fileRef = 13A4AA74207FE5DE00474554 /* Assets.xcassets */; };
		13A4AA78207FE5DE00474554 /* LaunchScreen.storyboard in Resources */ = {isa = PBXBuildFile; fileRef = 13A4AA76207FE5DE00474554 /* LaunchScreen.storyboard */; };
		13A4AA83207FE5DE00474554 /* Conversion_Calculator_UITests.swift in Sources */ = {isa = PBXBuildFile; fileRef = 13A4AA82207FE5DE00474554 /* Conversion_Calculator_UITests.swift */; };
		13A4AA8E207FE5DE00474554 /* Conversion_Calculator_UIUITests.swift in Sources */ = {isa = PBXBuildFile; fileRef = 13A4AA8D207FE5DE00474554 /* Conversion_Calculator_UIUITests.swift */; };
/* End PBXBuildFile section */

/* Begin PBXContainerItemProxy section */
		13A4AA7F207FE5DE00474554 /* PBXContainerItemProxy */ = {
			isa = PBXContainerItemProxy;
			containerPortal = 13A4AA62207FE5DE00474554 /* Project object */;
			proxyType = 1;
			remoteGlobalIDString = 13A4AA69207FE5DE00474554;
			remoteInfo = "Conversion Calculator UI";
		};
		13A4AA8A207FE5DE00474554 /* PBXContainerItemProxy */ = {
			isa = PBXContainerItemProxy;
			containerPortal = 13A4AA62207FE5DE00474554 /* Project object */;
			proxyType = 1;
			remoteGlobalIDString = 13A4AA69207FE5DE00474554;
			remoteInfo = "Conversion Calculator UI";
		};
/* End PBXContainerItemProxy section */

/* Begin PBXFileReference section */
		13A4AA6A207FE5DE00474554 /* Conversion Calculator UI.app */ = {isa = PBXFileReference; explicitFileType = wrapper.application; includeInIndex = 0; path = "Conversion Calculator UI.app"; sourceTree = BUILT_PRODUCTS_DIR; };
		13A4AA6D207FE5DE00474554 /* AppDelegate.swift */ = {isa = PBXFileReference; lastKnownFileType = sourcecode.swift; path = AppDelegate.swift; sourceTree = "<group>"; };
		13A4AA6F207FE5DE00474554 /* ViewController.swift */ = {isa = PBXFileReference; lastKnownFileType = sourcecode.swift; path = ViewController.swift; sourceTree = "<group>"; };
		13A4AA72207FE5DE00474554 /* Base */ = {isa = PBXFileReference; lastKnownFileType = file.storyboard; name = Base; path = Base.lproj/Main.storyboard; sourceTree = "<group>"; };
		13A4AA74207FE5DE00474554 /* Assets.xcassets */ = {isa = PBXFileReference; lastKnownFileType = folder.assetcatalog; path = Assets.xcassets; sourceTree = "<group>"; };
		13A4AA77207FE5DE00474554 /* Base */ = {isa = PBXFileReference; lastKnownFileType = file.storyboard; name = Base; path = Base.lproj/LaunchScreen.storyboard; sourceTree = "<group>"; };
		13A4AA79207FE5DE00474554 /* Info.plist */ = {isa = PBXFileReference; lastKnownFileType = text.plist.xml; path = Info.plist; sourceTree = "<group>"; };
		13A4AA7E207FE5DE00474554 /* Conversion Calculator UITests.xctest */ = {isa = PBXFileReference; explicitFileType = wrapper.cfbundle; includeInIndex = 0; path = "Conversion Calculator UITests.xctest"; sourceTree = BUILT_PRODUCTS_DIR; };
		13A4AA82207FE5DE00474554 /* Conversion_Calculator_UITests.swift */ = {isa = PBXFileReference; lastKnownFileType = sourcecode.swift; path = Conversion_Calculator_UITests.swift; sourceTree = "<group>"; };
		13A4AA84207FE5DE00474554 /* Info.plist */ = {isa = PBXFileReference; lastKnownFileType = text.plist.xml; path = Info.plist; sourceTree = "<group>"; };
		13A4AA89207FE5DE00474554 /* Conversion Calculator UIUITests.xctest */ = {isa = PBXFileReference; explicitFileType = wrapper.cfbundle; includeInIndex = 0; path = "Conversion Calculator UIUITests.xctest"; sourceTree = BUILT_PRODUCTS_DIR; };
		13A4AA8D207FE5DE00474554 /* Conversion_Calculator_UIUITests.swift */ = {isa = PBXFileReference; lastKnownFileType = sourcecode.swift; path = Conversion_Calculator_UIUITests.swift; sourceTree = "<group>"; };
		13A4AA8F207FE5DF00474554 /* Info.plist */ = {isa = PBXFileReference; lastKnownFileType = text.plist.xml; path = Info.plist; sourceTree = "<group>"; };
/* End PBXFileReference section */

/* Begin PBXFrameworksBuildPhase section */
		13A4AA67207FE5DE00474554 /* Frameworks */ = {
			isa = PBXFrameworksBuildPhase;
			buildActionMask = 2147483647;
			files = (
			);
			runOnlyForDeploymentPostprocessing = 0;
		};
		13A4AA7B207FE5DE00474554 /* Frameworks */ = {
			isa = PBXFrameworksBuildPhase;
			buildActionMask = 2147483647;
			files = (
			);
			runOnlyForDeploymentPostprocessing = 0;
		};
		13A4AA86207FE5DE00474554 /* Frameworks */ = {
			isa = PBXFrameworksBuildPhase;
			buildActionMask = 2147483647;
			files = (
			);
			runOnlyForDeploymentPostprocessing = 0;
		};
/* End PBXFrameworksBuildPhase section */

/* Begin PBXGroup section */
		13A4AA61207FE5DE00474554 = {
			isa = PBXGroup;
			children = (
				13A4AA6C207FE5DE00474554 /* Conversion Calculator UI */,
				13A4AA81207FE5DE00474554 /* Conversion Calculator UITests */,
				13A4AA8C207FE5DE00474554 /* Conversion Calculator UIUITests */,
				13A4AA6B207FE5DE00474554 /* Products */,
			);
			sourceTree = "<group>";
		};
		13A4AA6B207FE5DE00474554 /* Products */ = {
			isa = PBXGroup;
			children = (
				13A4AA6A207FE5DE00474554 /* Conversion Calculator UI.app */,
				13A4AA7E207FE5DE00474554 /* Conversion Calculator UITests.xctest */,
				13A4AA89207FE5DE00474554 /* Conversion Calculator UIUITests.xctest */,
			);
			name = Products;
			sourceTree = "<group>";
		};
		13A4AA6C207FE5DE00474554 /* Conversion Calculator UI */ = {
			isa = PBXGroup;
			children = (
				13A4AA6D207FE5DE00474554 /* AppDelegate.swift */,
				13A4AA6F207FE5DE00474554 /* ViewController.swift */,
				13A4AA71207FE5DE00474554 /* Main.storyboard */,
				13A4AA74207FE5DE00474554 /* Assets.xcassets */,
				13A4AA76207FE5DE00474554 /* LaunchScreen.storyboard */,
				13A4AA79207FE5DE00474554 /* Info.plist */,
			);
			path = "Conversion Calculator UI";
			sourceTree = "<group>";
		};
		13A4AA81207FE5DE00474554 /* Conversion Calculator UITests */ = {
			isa = PBXGroup;
			children = (
				13A4AA82207FE5DE00474554 /* Conversion_Calculator_UITests.swift */,
				13A4AA84207FE5DE00474554 /* Info.plist */,
			);
			path = "Conversion Calculator UITests";
			sourceTree = "<group>";
		};
		13A4AA8C207FE5DE00474554 /* Conversion Calculator UIUITests */ = {
			isa = PBXGroup;
			children = (
				13A4AA8D207FE5DE00474554 /* Conversion_Calculator_UIUITests.swift */,
				13A4AA8F207FE5DF00474554 /* Info.plist */,
			);
			path = "Conversion Calculator UIUITests";
			sourceTree = "<group>";
		};
/* End PBXGroup section */

/* Begin PBXNativeTarget section */
		13A4AA69207FE5DE00474554 /* Conversion Calculator UI */ = {
			isa = PBXNativeTarget;
			buildConfigurationList = 13A4AA92207FE5DF00474554 /* Build configuration list for PBXNativeTarget "Conversion Calculator UI" */;
			buildPhases = (
				13A4AA66207FE5DE00474554 /* Sources */,
				13A4AA67207FE5DE00474554 /* Frameworks */,
				13A4AA68207FE5DE00474554 /* Resources */,
			);
			buildRules = (
			);
			dependencies = (
			);
			name = "Conversion Calculator UI";
			productName = "Conversion Calculator UI";
			productReference = 13A4AA6A207FE5DE00474554 /* Conversion Calculator UI.app */;
			productType = "com.apple.product-type.application";
		};
		13A4AA7D207FE5DE00474554 /* Conversion Calculator UITests */ = {
			isa = PBXNativeTarget;
			buildConfigurationList = 13A4AA95207FE5DF00474554 /* Build configuration list for PBXNativeTarget "Conversion Calculator UITests" */;
			buildPhases = (
				13A4AA7A207FE5DE00474554 /* Sources */,
				13A4AA7B207FE5DE00474554 /* Frameworks */,
				13A4AA7C207FE5DE00474554 /* Resources */,
			);
			buildRules = (
			);
			dependencies = (
				13A4AA80207FE5DE00474554 /* PBXTargetDependency */,
			);
			name = "Conversion Calculator UITests";
			productName = "Conversion Calculator UITests";
			productReference = 13A4AA7E207FE5DE00474554 /* Conversion Calculator UITests.xctest */;
			productType = "com.apple.product-type.bundle.unit-test";
		};
		13A4AA88207FE5DE00474554 /* Conversion Calculator UIUITests */ = {
			isa = PBXNativeTarget;
			buildConfigurationList = 13A4AA98207FE5DF00474554 /* Build configuration list for PBXNativeTarget "Conversion Calculator UIUITests" */;
			buildPhases = (
				13A4AA85207FE5DE00474554 /* Sources */,
				13A4AA86207FE5DE00474554 /* Frameworks */,
				13A4AA87207FE5DE00474554 /* Resources */,
			);
			buildRules = (
			);
			dependencies = (
				13A4AA8B207FE5DE00474554 /* PBXTargetDependency */,
			);
			name = "Conversion Calculator UIUITests";
			productName = "Conversion Calculator UIUITests";
			productReference = 13A4AA89207FE5DE00474554 /* Conversion Calculator UIUITests.xctest */;
			productType = "com.apple.product-type.bundle.ui-testing";
		};
/* End PBXNativeTarget section */

/* Begin PBXProject section */
		13A4AA62207FE5DE00474554 /* Project object */ = {
			isa = PBXProject;
			attributes = {
				LastSwiftUpdateCheck = 0920;
				LastUpgradeCheck = 0920;
				ORGANIZATIONNAME = "tech innovator";
				TargetAttributes = {
					13A4AA69207FE5DE00474554 = {
						CreatedOnToolsVersion = 9.2;
						ProvisioningStyle = Automatic;
					};
					13A4AA7D207FE5DE00474554 = {
						CreatedOnToolsVersion = 9.2;
						ProvisioningStyle = Automatic;
						TestTargetID = 13A4AA69207FE5DE00474554;
					};
					13A4AA88207FE5DE00474554 = {
						CreatedOnToolsVersion = 9.2;
						ProvisioningStyle = Automatic;
						TestTargetID = 13A4AA69207FE5DE00474554;
					};
				};
			};
			buildConfigurationList = 13A4AA65207FE5DE00474554 /* Build configuration list for PBXProject "Conversion Calculator UI" */;
			compatibilityVersion = "Xcode 8.0";
			developmentRegion = en;
			hasScannedForEncodings = 0;
			knownRegions = (
				en,
				Base,
			);
			mainGroup = 13A4AA61207FE5DE00474554;
			productRefGroup = 13A4AA6B207FE5DE00474554 /* Products */;
			projectDirPath = "";
			projectRoot = "";
			targets = (
				13A4AA69207FE5DE00474554 /* Conversion Calculator UI */,
				13A4AA7D207FE5DE00474554 /* Conversion Calculator UITests */,
				13A4AA88207FE5DE00474554 /* Conversion Calculator UIUITests */,
			);
		};
/* End PBXProject section */

/* Begin PBXResourcesBuildPhase section */
		13A4AA68207FE5DE00474554 /* Resources */ = {
			isa = PBXResourcesBuildPhase;
			buildActionMask = 2147483647;
			files = (
				13A4AA78207FE5DE00474554 /* LaunchScreen.storyboard in Resources */,
				13A4AA75207FE5DE00474554 /* Assets.xcassets in Resources */,
				13A4AA73207FE5DE00474554 /* Main.storyboard in Resources */,
			);
			runOnlyForDeploymentPostprocessing = 0;
		};
		13A4AA7C207FE5DE00474554 /* Resources */ = {
			isa = PBXResourcesBuildPhase;
			buildActionMask = 2147483647;
			files = (
			);
			runOnlyForDeploymentPostprocessing = 0;
		};
		13A4AA87207FE5DE00474554 /* Resources */ = {
			isa = PBXResourcesBuildPhase;
			buildActionMask = 2147483647;
			files = (
			);
			runOnlyForDeploymentPostprocessing = 0;
		};
/* End PBXResourcesBuildPhase section */

/* Begin PBXSourcesBuildPhase section */
		13A4AA66207FE5DE00474554 /* Sources */ = {
			isa = PBXSourcesBuildPhase;
			buildActionMask = 2147483647;
			files = (
				13A4AA70207FE5DE00474554 /* ViewController.swift in Sources */,
				13A4AA6E207FE5DE00474554 /* AppDelegate.swift in Sources */,
			);
			runOnlyForDeploymentPostprocessing = 0;
		};
		13A4AA7A207FE5DE00474554 /* Sources */ = {
			isa = PBXSourcesBuildPhase;
			buildActionMask = 2147483647;
			files = (
				13A4AA83207FE5DE00474554 /* Conversion_Calculator_UITests.swift in Sources */,
			);
			runOnlyForDeploymentPostprocessing = 0;
		};
		13A4AA85207FE5DE00474554 /* Sources */ = {
			isa = PBXSourcesBuildPhase;
			buildActionMask = 2147483647;
			files = (
				13A4AA8E207FE5DE00474554 /* Conversion_Calculator_UIUITests.swift in Sources */,
			);
			runOnlyForDeploymentPostprocessing = 0;
		};
/* End PBXSourcesBuildPhase section */

/* Begin PBXTargetDependency section */
		13A4AA80207FE5DE00474554 /* PBXTargetDependency */ = {
			isa = PBXTargetDependency;
			target = 13A4AA69207FE5DE00474554 /* Conversion Calculator UI */;
			targetProxy = 13A4AA7F207FE5DE00474554 /* PBXContainerItemProxy */;
		};
		13A4AA8B207FE5DE00474554 /* PBXTargetDependency */ = {
			isa = PBXTargetDependency;
			target = 13A4AA69207FE5DE00474554 /* Conversion Calculator UI */;
			targetProxy = 13A4AA8A207FE5DE00474554 /* PBXContainerItemProxy */;
		};
/* End PBXTargetDependency section */

/* Begin PBXVariantGroup section */
		13A4AA71207FE5DE00474554 /* Main.storyboard */ = {
			isa = PBXVariantGroup;
			children = (
				13A4AA72207FE5DE00474554 /* Base */,
			);
			name = Main.storyboard;
			sourceTree = "<group>";
		};
		13A4AA76207FE5DE00474554 /* LaunchScreen.storyboard */ = {
			isa = PBXVariantGroup;
			children = (
				13A4AA77207FE5DE00474554 /* Base */,
			);
			name = LaunchScreen.storyboard;
			sourceTree = "<group>";
		};
/* End PBXVariantGroup section */

/* Begin XCBuildConfiguration section */
		13A4AA90207FE5DF00474554 /* Debug */ = {
			isa = XCBuildConfiguration;
			buildSettings = {
				ALWAYS_SEARCH_USER_PATHS = NO;
				CLANG_ANALYZER_NONNULL = YES;
				CLANG_ANALYZER_NUMBER_OBJECT_CONVERSION = YES_AGGRESSIVE;
				CLANG_CXX_LANGUAGE_STANDARD = "gnu++14";
				CLANG_CXX_LIBRARY = "libc++";
				CLANG_ENABLE_MODULES = YES;
				CLANG_ENABLE_OBJC_ARC = YES;
				CLANG_WARN_BLOCK_CAPTURE_AUTORELEASING = YES;
				CLANG_WARN_BOOL_CONVERSION = YES;
				CLANG_WARN_COMMA = YES;
				CLANG_WARN_CONSTANT_CONVERSION = YES;
				CLANG_WARN_DIRECT_OBJC_ISA_USAGE = YES_ERROR;
				CLANG_WARN_DOCUMENTATION_COMMENTS = YES;
				CLANG_WARN_EMPTY_BODY = YES;
				CLANG_WARN_ENUM_CONVERSION = YES;
				CLANG_WARN_INFINITE_RECURSION = YES;
				CLANG_WARN_INT_CONVERSION = YES;
				CLANG_WARN_NON_LITERAL_NULL_CONVERSION = YES;
				CLANG_WARN_OBJC_LITERAL_CONVERSION = YES;
				CLANG_WARN_OBJC_ROOT_CLASS = YES_ERROR;
				CLANG_WARN_RANGE_LOOP_ANALYSIS = YES;
				CLANG_WARN_STRICT_PROTOTYPES = YES;
				CLANG_WARN_SUSPICIOUS_MOVE = YES;
				CLANG_WARN_UNGUARDED_AVAILABILITY = YES_AGGRESSIVE;
				CLANG_WARN_UNREACHABLE_CODE = YES;
				CLANG_WARN__DUPLICATE_METHOD_MATCH = YES;
				CODE_SIGN_IDENTITY = "iPhone Developer";
				COPY_PHASE_STRIP = NO;
				DEBUG_INFORMATION_FORMAT = dwarf;
				ENABLE_STRICT_OBJC_MSGSEND = YES;
				ENABLE_TESTABILITY = YES;
				GCC_C_LANGUAGE_STANDARD = gnu11;
				GCC_DYNAMIC_NO_PIC = NO;
				GCC_NO_COMMON_BLOCKS = YES;
				GCC_OPTIMIZATION_LEVEL = 0;
				GCC_PREPROCESSOR_DEFINITIONS = (
					"DEBUG=1",
					"$(inherited)",
				);
				GCC_WARN_64_TO_32_BIT_CONVERSION = YES;
				GCC_WARN_ABOUT_RETURN_TYPE = YES_ERROR;
				GCC_WARN_UNDECLARED_SELECTOR = YES;
				GCC_WARN_UNINITIALIZED_AUTOS = YES_AGGRESSIVE;
				GCC_WARN_UNUSED_FUNCTION = YES;
				GCC_WARN_UNUSED_VARIABLE = YES;
				IPHONEOS_DEPLOYMENT_TARGET = 11.2;
				MTL_ENABLE_DEBUG_INFO = YES;
				ONLY_ACTIVE_ARCH = YES;
				SDKROOT = iphoneos;
				SWIFT_ACTIVE_COMPILATION_CONDITIONS = DEBUG;
				SWIFT_OPTIMIZATION_LEVEL = "-Onone";
			};
			name = Debug;
		};
		13A4AA91207FE5DF00474554 /* Release */ = {
			isa = XCBuildConfiguration;
			buildSettings = {
				ALWAYS_SEARCH_USER_PATHS = NO;
				CLANG_ANALYZER_NONNULL = YES;
				CLANG_ANALYZER_NUMBER_OBJECT_CONVERSION = YES_AGGRESSIVE;
				CLANG_CXX_LANGUAGE_STANDARD = "gnu++14";
				CLANG_CXX_LIBRARY = "libc++";
				CLANG_ENABLE_MODULES = YES;
				CLANG_ENABLE_OBJC_ARC = YES;
				CLANG_WARN_BLOCK_CAPTURE_AUTORELEASING = YES;
				CLANG_WARN_BOOL_CONVERSION = YES;
				CLANG_WARN_COMMA = YES;
				CLANG_WARN_CONSTANT_CONVERSION = YES;
				CLANG_WARN_DIRECT_OBJC_ISA_USAGE = YES_ERROR;
				CLANG_WARN_DOCUMENTATION_COMMENTS = YES;
				CLANG_WARN_EMPTY_BODY = YES;
				CLANG_WARN_ENUM_CONVERSION = YES;
				CLANG_WARN_INFINITE_RECURSION = YES;
				CLANG_WARN_INT_CONVERSION = YES;
				CLANG_WARN_NON_LITERAL_NULL_CONVERSION = YES;
				CLANG_WARN_OBJC_LITERAL_CONVERSION = YES;
				CLANG_WARN_OBJC_ROOT_CLASS = YES_ERROR;
				CLANG_WARN_RANGE_LOOP_ANALYSIS = YES;
				CLANG_WARN_STRICT_PROTOTYPES = YES;
				CLANG_WARN_SUSPICIOUS_MOVE = YES;
				CLANG_WARN_UNGUARDED_AVAILABILITY = YES_AGGRESSIVE;
				CLANG_WARN_UNREACHABLE_CODE = YES;
				CLANG_WARN__DUPLICATE_METHOD_MATCH = YES;
				CODE_SIGN_IDENTITY = "iPhone Developer";
				COPY_PHASE_STRIP = NO;
				DEBUG_INFORMATION_FORMAT = "dwarf-with-dsym";
				ENABLE_NS_ASSERTIONS = NO;
				ENABLE_STRICT_OBJC_MSGSEND = YES;
				GCC_C_LANGUAGE_STANDARD = gnu11;
				GCC_NO_COMMON_BLOCKS = YES;
				GCC_WARN_64_TO_32_BIT_CONVERSION = YES;
				GCC_WARN_ABOUT_RETURN_TYPE = YES_ERROR;
				GCC_WARN_UNDECLARED_SELECTOR = YES;
				GCC_WARN_UNINITIALIZED_AUTOS = YES_AGGRESSIVE;
				GCC_WARN_UNUSED_FUNCTION = YES;
				GCC_WARN_UNUSED_VARIABLE = YES;
				IPHONEOS_DEPLOYMENT_TARGET = 11.2;
				MTL_ENABLE_DEBUG_INFO = NO;
				SDKROOT = iphoneos;
				SWIFT_OPTIMIZATION_LEVEL = "-Owholemodule";
				VALIDATE_PRODUCT = YES;
			};
			name = Release;
		};
		13A4AA93207FE5DF00474554 /* Debug */ = {
			isa = XCBuildConfiguration;
			buildSettings = {
				ASSETCATALOG_COMPILER_APPICON_NAME = AppIcon;
				CODE_SIGN_STYLE = Automatic;
				DEVELOPMENT_TEAM = K3C6998S8P;
				INFOPLIST_FILE = "Conversion Calculator UI/Info.plist";
				LD_RUNPATH_SEARCH_PATHS = "$(inherited) @executable_path/Frameworks";
				PRODUCT_BUNDLE_IDENTIFIER = "online.techinnovator.Conversion-Calculator-UI";
				PRODUCT_NAME = "$(TARGET_NAME)";
				SWIFT_VERSION = 4.0;
				TARGETED_DEVICE_FAMILY = "1,2";
			};
			name = Debug;
		};
		13A4AA94207FE5DF00474554 /* Release */ = {
			isa = XCBuildConfiguration;
			buildSettings = {
				ASSETCATALOG_COMPILER_APPICON_NAME = AppIcon;
				CODE_SIGN_STYLE = Automatic;
				DEVELOPMENT_TEAM = K3C6998S8P;
				INFOPLIST_FILE = "Conversion Calculator UI/Info.plist";
				LD_RUNPATH_SEARCH_PATHS = "$(inherited) @executable_path/Frameworks";
				PRODUCT_BUNDLE_IDENTIFIER = "online.techinnovator.Conversion-Calculator-UI";
				PRODUCT_NAME = "$(TARGET_NAME)";
				SWIFT_VERSION = 4.0;
				TARGETED_DEVICE_FAMILY = "1,2";
			};
			name = Release;
		};
		13A4AA96207FE5DF00474554 /* Debug */ = {
			isa = XCBuildConfiguration;
			buildSettings = {
				ALWAYS_EMBED_SWIFT_STANDARD_LIBRARIES = YES;
				BUNDLE_LOADER = "$(TEST_HOST)";
				CODE_SIGN_STYLE = Automatic;
				DEVELOPMENT_TEAM = K3C6998S8P;
				INFOPLIST_FILE = "Conversion Calculator UITests/Info.plist";
				LD_RUNPATH_SEARCH_PATHS = "$(inherited) @executable_path/Frameworks @loader_path/Frameworks";
				PRODUCT_BUNDLE_IDENTIFIER = "online.techinnovator.Conversion-Calculator-UITests";
				PRODUCT_NAME = "$(TARGET_NAME)";
				SWIFT_VERSION = 4.0;
				TARGETED_DEVICE_FAMILY = "1,2";
				TEST_HOST = "$(BUILT_PRODUCTS_DIR)/Conversion Calculator UI.app/Conversion Calculator UI";
			};
			name = Debug;
		};
		13A4AA97207FE5DF00474554 /* Release */ = {
			isa = XCBuildConfiguration;
			buildSettings = {
				ALWAYS_EMBED_SWIFT_STANDARD_LIBRARIES = YES;
				BUNDLE_LOADER = "$(TEST_HOST)";
				CODE_SIGN_STYLE = Automatic;
				DEVELOPMENT_TEAM = K3C6998S8P;
				INFOPLIST_FILE = "Conversion Calculator UITests/Info.plist";
				LD_RUNPATH_SEARCH_PATHS = "$(inherited) @executable_path/Frameworks @loader_path/Frameworks";
				PRODUCT_BUNDLE_IDENTIFIER = "online.techinnovator.Conversion-Calculator-UITests";
				PRODUCT_NAME = "$(TARGET_NAME)";
				SWIFT_VERSION = 4.0;
				TARGETED_DEVICE_FAMILY = "1,2";
				TEST_HOST = "$(BUILT_PRODUCTS_DIR)/Conversion Calculator UI.app/Conversion Calculator UI";
			};
			name = Release;
		};
		13A4AA99207FE5DF00474554 /* Debug */ = {
			isa = XCBuildConfiguration;
			buildSettings = {
				ALWAYS_EMBED_SWIFT_STANDARD_LIBRARIES = YES;
				CODE_SIGN_STYLE = Automatic;
				DEVELOPMENT_TEAM = K3C6998S8P;
				INFOPLIST_FILE = "Conversion Calculator UIUITests/Info.plist";
				LD_RUNPATH_SEARCH_PATHS = "$(inherited) @executable_path/Frameworks @loader_path/Frameworks";
				PRODUCT_BUNDLE_IDENTIFIER = "online.techinnovator.Conversion-Calculator-UIUITests";
				PRODUCT_NAME = "$(TARGET_NAME)";
				SWIFT_VERSION = 4.0;
				TARGETED_DEVICE_FAMILY = "1,2";
				TEST_TARGET_NAME = "Conversion Calculator UI";
			};
			name = Debug;
		};
		13A4AA9A207FE5DF00474554 /* Release */ = {
			isa = XCBuildConfiguration;
			buildSettings = {
				ALWAYS_EMBED_SWIFT_STANDARD_LIBRARIES = YES;
				CODE_SIGN_STYLE = Automatic;
				DEVELOPMENT_TEAM = K3C6998S8P;
				INFOPLIST_FILE = "Conversion Calculator UIUITests/Info.plist";
				LD_RUNPATH_SEARCH_PATHS = "$(inherited) @executable_path/Frameworks @loader_path/Frameworks";
				PRODUCT_BUNDLE_IDENTIFIER = "online.techinnovator.Conversion-Calculator-UIUITests";
				PRODUCT_NAME = "$(TARGET_NAME)";
				SWIFT_VERSION = 4.0;
				TARGETED_DEVICE_FAMILY = "1,2";
				TEST_TARGET_NAME = "Conversion Calculator UI";
			};
			name = Release;
		};
/* End XCBuildConfiguration section */

/* Begin XCConfigurationList section */
		13A4AA65207FE5DE00474554 /* Build configuration list for PBXProject "Conversion Calculator UI" */ = {
			isa = XCConfigurationList;
			buildConfigurations = (
				13A4AA90207FE5DF00474554 /* Debug */,
				13A4AA91207FE5DF00474554 /* Release */,
			);
			defaultConfigurationIsVisible = 0;
			defaultConfigurationName = Release;
		};
		13A4AA92207FE5DF00474554 /* Build configuration list for PBXNativeTarget "Conversion Calculator UI" */ = {
			isa = XCConfigurationList;
			buildConfigurations = (
				13A4AA93207FE5DF00474554 /* Debug */,
				13A4AA94207FE5DF00474554 /* Release */,
			);
			defaultConfigurationIsVisible = 0;
			defaultConfigurationName = Release;
		};
		13A4AA95207FE5DF00474554 /* Build configuration list for PBXNativeTarget "Conversion Calculator UITests" */ = {
			isa = XCConfigurationList;
			buildConfigurations = (
				13A4AA96207FE5DF00474554 /* Debug */,
				13A4AA97207FE5DF00474554 /* Release */,
			);
			defaultConfigurationIsVisible = 0;
			defaultConfigurationName = Release;
		};
		13A4AA98207FE5DF00474554 /* Build configuration list for PBXNativeTarget "Conversion Calculator UIUITests" */ = {
			isa = XCConfigurationList;
			buildConfigurations = (
				13A4AA99207FE5DF00474554 /* Debug */,
				13A4AA9A207FE5DF00474554 /* Release */,
			);
			defaultConfigurationIsVisible = 0;
			defaultConfigurationName = Release;
		};
/* End XCConfigurationList section */
	};
	rootObject = 13A4AA62207FE5DE00474554 /* Project object */;
}
